Microsoft Visual Studio Solution File, Format Version 12.00
# Visual Studio Version 18
VisualStudioVersion = 18.0.11109.219
MinimumVisualStudioVersion = 10.0.40219.1
Project("{FAE04EC0-301F-11D3-BF4B-00C04F79EFBC}") = "RemoteAppTool", "RemoteAppTool.csproj", "{2D140FE4-0794-43AC-BE7B-9D918B3F9C61}"
EndProject
Project("{FAE04EC0-301F-11D3-BF4B-00C04F79EFBC}") = "LockCheckerCS", "..\LockCheckerCS\LockCheckerCS.csproj", "{029C010D-728B-4B87-B54A-08B2BBF49BD7}"
EndProject
Project("{FAE04EC0-301F-11D3-BF4B-00C04F79EFBC}") = "RDPFileLibCS", "..\RDPFileLibCS\RDPFileLibCS.csproj", "{258307D5-A407-4622-BF1A-BDCA8E3D2FAA}"
EndProject
Project("{FAE04EC0-301F-11D3-BF4B-00C04F79EFBC}") = "RDPSignCS", "..\RDPSignCS\RDPSignCS.csproj", "{57DABB69-B1D3-445F-91E7-B0412ABAC218}"
EndProject
Project("{FAE04EC0-301F-11D3-BF4B-00C04F79EFBC}") = "RemoteAppLibCS", "..\RemoteAppLibCS\RemoteAppLibCS.csproj", "{785B6808-B2FE-4C18-9D63-6DAB46482374}"
EndProject
Global
	GlobalSection(SolutionConfigurationPlatforms) = preSolution
		Debug|Any CPU = Debug|Any CPU
		Release|Any CPU = Release|Any CPU
	EndGlobalSection
	GlobalSection(ProjectConfigurationPlatforms) = postSolution
		{2D140FE4-0794-43AC-BE7B-9D918B3F9C61}.Debug|Any CPU.ActiveCfg = Debug|Any CPU
		{2D140FE4-0794-43AC-BE7B-9D918B3F9C61}.Debug|Any CPU.Build.0 = Debug|Any CPU
		{2D140FE4-0794-43AC-BE7B-9D918B3F9C61}.Release|Any CPU.ActiveCfg = Release|Any CPU
		{2D140FE4-0794-43AC-BE7B-9D918B3F9C61}.Release|Any CPU.Build.0 = Release|Any CPU
		{029C010D-728B-4B87-B54A-08B2BBF49BD7}.Debug|Any CPU.ActiveCfg = Debug|Any CPU
		{029C010D-728B-4B87-B54A-08B2BBF49BD7}.Debug|Any CPU.Build.0 = Debug|Any CPU
		{029C010D-728B-4B87-B54A-08B2BBF49BD7}.Release|Any CPU.ActiveCfg = Release|Any CPU
		{029C010D-728B-4B87-B54A-08B2BBF49BD7}.Release|Any CPU.Build.0 = Release|Any CPU
		{258307D5-A407-4622-BF1A-BDCA8E3D2FAA}.Debug|Any CPU.ActiveCfg = Debug|Any CPU
		{258307D5-A407-4622-BF1A-BDCA8E3D2FAA}.Debug|Any CPU.Build.0 = Debug|Any CPU
		{258307D5-A407-4622-BF1A-BDCA8E3D2FAA}.Release|Any CPU.ActiveCfg = Release|Any CPU
		{258307D5-A407-4622-BF1A-BDCA8E3D2FAA}.Release|Any CPU.Build.0 = Release|Any CPU
		{57DABB69-B1D3-445F-91E7-B0412ABAC218}.Debug|Any CPU.ActiveCfg = Debug|Any CPU
		{57DABB69-B1D3-445F-91E7-B0412ABAC218}.Debug|Any CPU.Build.0 = Debug|Any CPU
		{57DABB69-B1D3-445F-91E7-B0412ABAC218}.Release|Any CPU.ActiveCfg = Release|Any CPU
		{57DABB69-B1D3-445F-91E7-B0412ABAC218}.Release|Any CPU.Build.0 = Release|Any CPU
		{785B6808-B2FE-4C18-9D63-6DAB46482374}.Debug|Any CPU.ActiveCfg = Debug|Any CPU
		{785B6808-B2FE-4C18-9D63-6DAB46482374}.Debug|Any CPU.Build.0 = Debug|Any CPU
		{785B6808-B2FE-4C18-9D63-6DAB46482374}.Release|Any CPU.ActiveCfg = Release|Any CPU
		{785B6808-B2FE-4C18-9D63-6DAB46482374}.Release|Any CPU.Build.0 = Release|Any CPU
	EndGlobalSection
	GlobalSection(SolutionProperties) = preSolution
		HideSolutionNode = FALSE
	EndGlobalSection
	GlobalSection(ExtensibilityGlobals) = postSolution
		SolutionGuid = {2D140FE4-0794-43AC-BE7B-9D918B3F9C62}
	EndGlobalSection
EndGlobal
